
Microsoft Visual Studio Solution File, Format Version 12.00
# Visual Studio Version 16
VisualStudioVersion = 16.0.29911.84
MinimumVisualStudioVersion = 10.0.40219.1
Project("{9A19103F-16F7-4668-BE54-9A1E7A4F7556}") = "ZBot", "ZBot\ZBot.csproj", "{2114B75F-1FE7-4F43-A784-A9F1787FE6E1}"
EndProject
Project("{2150E333-8FDC-42A3-9474-1A3956D46DE8}") = "Solution Items", "Solution Items", "{B39390F8-9B0D-4E96-85D7-0B6D72023FC4}"
	ProjectSection(SolutionItems) = preProject
		.editorconfig = .editorconfig
	EndProjectSection
EndProject
Global
	GlobalSection(SolutionConfigurationPlatforms) = preSolution
		Debug|Any CPU = Debug|Any CPU
		Release|Any CPU = Release|Any CPU
	EndGlobalSection
	GlobalSection(ProjectConfigurationPlatforms) = postSolution
		{2114B75F-1FE7-4F43-A784-A9F1787FE6E1}.Debug|Any CPU.ActiveCfg = Debug|Any CPU
		{2114B75F-1FE7-4F43-A784-A9F1787FE6E1}.Debug|Any CPU.Build.0 = Debug|Any CPU
		{2114B75F-1FE7-4F43-A784-A9F1787FE6E1}.Release|Any CPU.ActiveCfg = Release|Any CPU
		{2114B75F-1FE7-4F43-A784-A9F1787FE6E1}.Release|Any CPU.Build.0 = Release|Any CPU
	EndGlobalSection
	GlobalSection(SolutionProperties) = preSolution
		HideSolutionNode = FALSE
	EndGlobalSection
	GlobalSection(ExtensibilityGlobals) = postSolution
		SolutionGuid = {FE90059F-D932-4863-B0D0-5DAC14902EFF}
	EndGlobalSection
EndGlobal
